
Microsoft Visual Studio Solution File, Format Version 12.00
# Visual Studio 14
VisualStudioVersion = 14.0.25420.1
MinimumVisualStudioVersion = 10.0.40219.1
Project("{2150E333-8FDC-42A3-9474-1A3956D46DE8}") = "src", "src", "{5FFEC14C-FF26-46C7-A39A-6BFA2F8572F4}"
EndProject
Project("{2150E333-8FDC-42A3-9474-1A3956D46DE8}") = "Solution Items", "Solution Items", "{E648CFCB-7C56-4C98-AED1-DA5AEB41AB4D}"
	ProjectSection(SolutionItems) = preProject
		global.json = global.json
	EndProjectSection
EndProject
Project("{8BB2217D-0F2D-49D1-97BC-3654ED321F3B}") = "DockerWeb", "src\DockerWeb\DockerWeb.xproj", "{C878ED61-BA97-4B6F-A0C6-ADA92D97CB74}"
EndProject
Global
	GlobalSection(SolutionConfigurationPlatforms) = preSolution
		Debug|Any CPU = Debug|Any CPU
		Release|Any CPU = Release|Any CPU
	EndGlobalSection
	GlobalSection(ProjectConfigurationPlatforms) = postSolution
		{C878ED61-BA97-4B6F-A0C6-ADA92D97CB74}.Debug|Any CPU.ActiveCfg = Debug|Any CPU
		{C878ED61-BA97-4B6F-A0C6-ADA92D97CB74}.Debug|Any CPU.Build.0 = Debug|Any CPU
		{C878ED61-BA97-4B6F-A0C6-ADA92D97CB74}.Release|Any CPU.ActiveCfg = Release|Any CPU
		{C878ED61-BA97-4B6F-A0C6-ADA92D97CB74}.Release|Any CPU.Build.0 = Release|Any CPU
	EndGlobalSection
	GlobalSection(SolutionProperties) = preSolution
		HideSolutionNode = FALSE
	EndGlobalSection
	GlobalSection(NestedProjects) = preSolution
		{C878ED61-BA97-4B6F-A0C6-ADA92D97CB74} = {5FFEC14C-FF26-46C7-A39A-6BFA2F8572F4}
	EndGlobalSection
EndGlobal
